
Microsoft Visual Studio Solution File, Format Version 12.00
# Visual Studio 15
VisualStudioVersion = 15.0.27703.2018
MinimumVisualStudioVersion = 10.0.40219.1
Project("{FAE04EC0-301F-11D3-BF4B-00C04F79EFBC}") = "Quintity.TestFramework.TestListener.Rally", "Quintity.TestFramework.TestListeners.Rally\Quintity.TestFramework.TestListener.Rally.csproj", "{AE66BA90-43BB-48CC-9882-284027A002B1}"
EndProject
Project("{FAE04EC0-301F-11D3-BF4B-00C04F79EFBC}") = "Quintity.TestFramework.TestListener.VersionOne", "Quintity.TestFramework.TestListener.VersionOne\Quintity.TestFramework.TestListener.VersionOne.csproj", "{27D47BCE-5B9A-4D31-93C6-251B57F7C1B0}"
EndProject
Project("{FAE04EC0-301F-11D3-BF4B-00C04F79EFBC}") = "Quintity.TestFramework.TestListener.TFS", "Quintity.TestFramework.TestListener.TFS\Quintity.TestFramework.TestListener.TFS.csproj", "{2CDD5F71-D790-4042-9B5C-B64B561D7177}"
EndProject
Project("{FAE04EC0-301F-11D3-BF4B-00C04F79EFBC}") = "Quintity.TestFramework.TestListener.TextFile", "Quintity.TestFramework.TestListener.TextFile\Quintity.TestFramework.TestListener.TextFile.csproj", "{07F4A892-244A-4A23-A446-E7220ED159CC}"
EndProject
Project("{FAE04EC0-301F-11D3-BF4B-00C04F79EFBC}") = "Quintity.TestFramework.TestListener.TargetProcess", "Quintity.TestFramework.TestListener.TargetProcess\Quintity.TestFramework.TestListener.TargetProcess.csproj", "{156A8396-D7D9-483E-A074-5EA65889E953}"
EndProject
Project("{FAE04EC0-301F-11D3-BF4B-00C04F79EFBC}") = "Quintity.TestFramework.TestListener.SMTP", "Quintity.TestFramework.TestListener.SMTP\Quintity.TestFramework.TestListener.SMTP.csproj", "{195CD2A7-58AC-428A-B038-18E13034D7EC}"
EndProject
Project("{FAE04EC0-301F-11D3-BF4B-00C04F79EFBC}") = "Quintity.TestFramework.TestListener.Performance", "Quintity.TestFramework.TestListener.Performance\Quintity.TestFramework.TestListener.Performance.csproj", "{9E1DD75A-620E-4849-90DD-0FBC4EA4B23F}"
EndProject
Project("{FAE04EC0-301F-11D3-BF4B-00C04F79EFBC}") = "Quintity.TestFramework.TestListener.JIRA", "Quintity.TestFramework.TestListener.JIRA\Quintity.TestFramework.TestListener.JIRA.csproj", "{D1233576-C1C7-44A7-88FD-E0B24AB28207}"
EndProject
Project("{FAE04EC0-301F-11D3-BF4B-00C04F79EFBC}") = "Quintity.TestFramework.TestListener.Example", "Quintity.TestFramework.TestListener.Example\Quintity.TestFramework.TestListener.Example.csproj", "{C7D30C3C-18B1-4532-B44F-782C3429E8F3}"
EndProject
Global
	GlobalSection(SolutionConfigurationPlatforms) = preSolution
		Debug|Any CPU = Debug|Any CPU
		Release|Any CPU = Release|Any CPU
	EndGlobalSection
	GlobalSection(ProjectConfigurationPlatforms) = postSolution
		{AE66BA90-43BB-48CC-9882-284027A002B1}.Debug|Any CPU.ActiveCfg = Debug|Any CPU
		{AE66BA90-43BB-48CC-9882-284027A002B1}.Debug|Any CPU.Build.0 = Debug|Any CPU
		{AE66BA90-43BB-48CC-9882-284027A002B1}.Release|Any CPU.ActiveCfg = Release|Any CPU
		{AE66BA90-43BB-48CC-9882-284027A002B1}.Release|Any CPU.Build.0 = Release|Any CPU
		{27D47BCE-5B9A-4D31-93C6-251B57F7C1B0}.Debug|Any CPU.ActiveCfg = Debug|Any CPU
		{27D47BCE-5B9A-4D31-93C6-251B57F7C1B0}.Debug|Any CPU.Build.0 = Debug|Any CPU
		{27D47BCE-5B9A-4D31-93C6-251B57F7C1B0}.Release|Any CPU.ActiveCfg = Release|Any CPU
		{27D47BCE-5B9A-4D31-93C6-251B57F7C1B0}.Release|Any CPU.Build.0 = Release|Any CPU
		{2CDD5F71-D790-4042-9B5C-B64B561D7177}.Debug|Any CPU.ActiveCfg = Debug|Any CPU
		{2CDD5F71-D790-4042-9B5C-B64B561D7177}.Debug|Any CPU.Build.0 = Debug|Any CPU
		{2CDD5F71-D790-4042-9B5C-B64B561D7177}.Release|Any CPU.ActiveCfg = Release|Any CPU
		{2CDD5F71-D790-4042-9B5C-B64B561D7177}.Release|Any CPU.Build.0 = Release|Any CPU
		{07F4A892-244A-4A23-A446-E7220ED159CC}.Debug|Any CPU.ActiveCfg = Debug|Any CPU
		{07F4A892-244A-4A23-A446-E7220ED159CC}.Debug|Any CPU.Build.0 = Debug|Any CPU
		{07F4A892-244A-4A23-A446-E7220ED159CC}.Release|Any CPU.ActiveCfg = Release|Any CPU
		{07F4A892-244A-4A23-A446-E7220ED159CC}.Release|Any CPU.Build.0 = Release|Any CPU
		{156A8396-D7D9-483E-A074-5EA65889E953}.Debug|Any CPU.ActiveCfg = Debug|Any CPU
		{156A8396-D7D9-483E-A074-5EA65889E953}.Debug|Any CPU.Build.0 = Debug|Any CPU
		{156A8396-D7D9-483E-A074-5EA65889E953}.Release|Any CPU.ActiveCfg = Release|Any CPU
		{156A8396-D7D9-483E-A074-5EA65889E953}.Release|Any CPU.Build.0 = Release|Any CPU
		{195CD2A7-58AC-428A-B038-18E13034D7EC}.Debug|Any CPU.ActiveCfg = Debug|Any CPU
		{195CD2A7-58AC-428A-B038-18E13034D7EC}.Debug|Any CPU.Build.0 = Debug|Any CPU
		{195CD2A7-58AC-428A-B038-18E13034D7EC}.Release|Any CPU.ActiveCfg = Release|Any CPU
		{195CD2A7-58AC-428A-B038-18E13034D7EC}.Release|Any CPU.Build.0 = Release|Any CPU
		{9E1DD75A-620E-4849-90DD-0FBC4EA4B23F}.Debug|Any CPU.ActiveCfg = Debug|Any CPU
		{9E1DD75A-620E-4849-90DD-0FBC4EA4B23F}.Debug|Any CPU.Build.0 = Debug|Any CPU
		{9E1DD75A-620E-4849-90DD-0FBC4EA4B23F}.Release|Any CPU.ActiveCfg = Release|Any CPU
		{9E1DD75A-620E-4849-90DD-0FBC4EA4B23F}.Release|Any CPU.Build.0 = Release|Any CPU
		{D1233576-C1C7-44A7-88FD-E0B24AB28207}.Debug|Any CPU.ActiveCfg = Debug|Any CPU
		{D1233576-C1C7-44A7-88FD-E0B24AB28207}.Debug|Any CPU.Build.0 = Debug|Any CPU
		{D1233576-C1C7-44A7-88FD-E0B24AB28207}.Release|Any CPU.ActiveCfg = Release|Any CPU
		{D1233576-C1C7-44A7-88FD-E0B24AB28207}.Release|Any CPU.Build.0 = Release|Any CPU
		{C7D30C3C-18B1-4532-B44F-782C3429E8F3}.Debug|Any CPU.ActiveCfg = Debug|Any CPU
		{C7D30C3C-18B1-4532-B44F-782C3429E8F3}.Debug|Any CPU.Build.0 = Debug|Any CPU
		{C7D30C3C-18B1-4532-B44F-782C3429E8F3}.Release|Any CPU.ActiveCfg = Release|Any CPU
		{C7D30C3C-18B1-4532-B44F-782C3429E8F3}.Release|Any CPU.Build.0 = Release|Any CPU
	EndGlobalSection
	GlobalSection(SolutionProperties) = preSolution
		HideSolutionNode = FALSE
	EndGlobalSection
	GlobalSection(ExtensibilityGlobals) = postSolution
		SolutionGuid = {0DC54B6C-2057-4DAB-90E6-BB1517A58149}
	EndGlobalSection
EndGlobal
